
Microsoft Visual Studio Solution File, Format Version 12.00
# Visual Studio Version 17
VisualStudioVersion = 17.9.34607.119
MinimumVisualStudioVersion = 10.0.40219.1
Project("{FAE04EC0-301F-11D3-BF4B-00C04F79EFBC}") = "AaliyahAllieST10212542ProgPOEPart3", "AaliyahAllieST10212542ProgPOEPart3\AaliyahAllieST10212542ProgPOEPart3.csproj", "{5857D52F-F077-4408-A10B-1E21E6F5D1C0}"
EndProject
Global
	GlobalSection(SolutionConfigurationPlatforms) = preSolution
		Debug|Any CPU = Debug|Any CPU
		Release|Any CPU = Release|Any CPU
	EndGlobalSection
	GlobalSection(ProjectConfigurationPlatforms) = postSolution
		{5857D52F-F077-4408-A10B-1E21E6F5D1C0}.Debug|Any CPU.ActiveCfg = Debug|Any CPU
		{5857D52F-F077-4408-A10B-1E21E6F5D1C0}.Debug|Any CPU.Build.0 = Debug|Any CPU
		{5857D52F-F077-4408-A10B-1E21E6F5D1C0}.Release|Any CPU.ActiveCfg = Release|Any CPU
		{5857D52F-F077-4408-A10B-1E21E6F5D1C0}.Release|Any CPU.Build.0 = Release|Any CPU
	EndGlobalSection
	GlobalSection(SolutionProperties) = preSolution
		HideSolutionNode = FALSE
	EndGlobalSection
	GlobalSection(ExtensibilityGlobals) = postSolution
		SolutionGuid = {EAD8B78A-94A5-4715-83BB-5C0BB4D8C2C3}
	EndGlobalSection
EndGlobal
